{
  "markbot": "fcee8a4386503d0b80712ff04901b3fd51c4133119c70f3f8edfbeff9acbc963",
  "index-320.png": "ec42006d7a749e064c2c7cdb9ef95837218e57c1fd66fcb2e254e9e82c2591d7",
  "index-400.png": "23d7fccf0cec2191a4ddd774be809be11621decc294971b91113d1edd34155ac",
  "index-608.png": "3805e04a81c5a5de356fb7a28538b986a42fbd288cf9ca7177fe636db980cfd0",
  "index-980.png": "6013bce4dadbbacc8c411ee1be96ecd6480de21530803047ace20b78a5fa4aac",
  "index-1440.png": "3695af3ca650f4ff81b4b24a8588eb4f80ac0faf8060d9cc7f8012f71cc2ee64"
}