{
  "markbot": "514ba923b5ec3503802244e809274e81230c3613da0289b91431993137a86c2c",
  "markbotignore": "030a4e6e1b3b6b510514a7ae54576e2c2ef762d56236c6414ef634955d96a126",
  "index-320.png": "db6f24606462292ae008f2107abee94a063f3df91b9ed3338f5bc64faf93d73e",
  "index-400.png": "1c685460bd19b4903904535a1febd3c0cbc7a9f03318a846de1756a9aded3647",
  "index-608.png": "3cc11507f863d32926426e71bb853c0ba65368198a493eedefadf648ec66e4ac",
  "index-960.png": "de9235888da78a04c791e8d4094541fb74f6421ff13bbfbb621f5f1da097bdfb",
  "index-1440.png": "182ff926d6fe9fdd8687eeaf8e58ba1851b69ec3c3bdd78547a3562efc7eb9c2"
}