{
  "markbot": "514ba923b5ec3503802244e809274e81230c3613da0289b91431993137a86c2c",
  "markbotignore": "030a4e6e1b3b6b510514a7ae54576e2c2ef762d56236c6414ef634955d96a126",
  "index-320.png": "2dabeca861972bd5f191be0713cad7ecebee034fbbbe8c2f5f2f497a0489cc53",
  "index-400.png": "6e3739f403bd8d0a3a389b206b5b904b403592b67e8e8f056a0a25b5b3778aaa",
  "index-608.png": "0377d98c3befdcf8b72faf7a8f3cddaf1760c83caac08c2afefff24e7dda2be1",
  "index-960.png": "2e0fd47c1cb0d93b6a84bd1d7c4e6820c7c1c981d3c82c3c316a8c9b2014b890",
  "index-1440.png": "a861e395b85acd77c238e84fc988cbc213b2bb0931ff7d09ae3f6fa4705d3696"
}